<?xml version="1.0" encoding="utf-8"?>
<Project ToolsVersion="4.0" xmlns="http://schemas.microsoft.com/developer/msbuild/2003">
  <ItemGroup>
    <Filter Include="Source Files">
      <UniqueIdentifier>{4FC737F1-C7A5-4376-A066-2A32D752A2FF}</UniqueIdentifier>
      <Extensions>cpp;c;cc;cxx;c++;cppm;ixx;def;odl;idl;hpj;bat;asm;asmx</Extensions>
    </Filter>
    <Filter Include="Header Files">
      <UniqueIdentifier>{93995380-89BD-4b04-88EB-625FBE52EBFB}</UniqueIdentifier>
      <Extensions>h;hh;hpp;hxx;h++;hm;inl;inc;ipp;xsd</Extensions>
    </Filter>
    <Filter Include="Resource Files">
      <UniqueIdentifier>{67DA6AB6-F800-4c08-8B7A-83BB121AAD01}</UniqueIdentifier>
      <Extensions>rc;ico;cur;bmp;dlg;rc2;rct;bin;rgs;gif;jpg;jpeg;jpe;resx;tiff;tif;png;wav;mfcribbon-ms</Extensions>
    </Filter>
    <Filter Include="Resource Files\Shaders">
      <UniqueIdentifier>{bae45580-4f8e-42d7-be3a-3349fb552768}</UniqueIdentifier>
      <Extensions>shader;frag;vert;glsl</Extensions>
    </Filter>
    <Filter Include="Resource Files\Images">
      <UniqueIdentifier>{a5ac1561-2639-441e-b4f0-31d93de72941}</UniqueIdentifier>
      <Extensions>jpg;png</Extensions>
    </Filter>
    <Filter Include="cfg">
      <UniqueIdentifier>{b1246e2f-7c9e-4e6d-895a-34523911d814}</UniqueIdentifier>
      <Extensions>cfg;config;</Extensions>
    </Filter>
  </ItemGroup>
  <ItemGroup>
    <ClCompile Include="libs\glad.c">
      <Filter>Source Files</Filter>
    </ClCompile>
    <ClCompile Include="src\WindowHandler.cpp">
      <Filter>Source Files</Filter>
    </ClCompile>
    <ClCompile Include="src\fileHandler.cpp">
      <Filter>Source Files</Filter>
    </ClCompile>
    <ClCompile Include="src\Shader.cpp">
      <Filter>Source Files</Filter>
    </ClCompile>
    <ClCompile Include="src\Camera.cpp">
      <Filter>Source Files</Filter>
    </ClCompile>
    <ClCompile Include="src\Mesh.cpp">
      <Filter>Source Files</Filter>
    </ClCompile>
    <ClCompile Include="src\Cube.cpp">
      <Filter>Source Files</Filter>
    </ClCompile>
    <ClCompile Include="src\Object.cpp">
      <Filter>Source Files</Filter>
    </ClCompile>
    <ClCompile Include="src\Engine.cpp">
      <Filter>Source Files</Filter>
    </ClCompile>
    <ClCompile Include="src\Main.cpp">
      <Filter>Source Files</Filter>
    </ClCompile>
    <ClCompile Include="src\FluidField.cpp">
      <Filter>Source Files</Filter>
    </ClCompile>
    <ClCompile Include="src\Line.cpp">
      <Filter>Source Files</Filter>
    </ClCompile>
    <ClCompile Include="src\Texture2D.cpp">
      <Filter>Source Files</Filter>
    </ClCompile>
    <ClCompile Include="src\Framebuffer.cpp">
      <Filter>Source Files</Filter>
    </ClCompile>
    <ClCompile Include="src\Config.cpp">
      <Filter>Source Files</Filter>
    </ClCompile>
  </ItemGroup>
  <ItemGroup>
    <ClInclude Include="src\WindowHandler.h">
      <Filter>Header Files</Filter>
    </ClInclude>
    <ClInclude Include="src\fileHandler.h">
      <Filter>Header Files</Filter>
    </ClInclude>
    <ClInclude Include="src\Shader.h">
      <Filter>Header Files</Filter>
    </ClInclude>
    <ClInclude Include="libs\stb_image.h">
      <Filter>Header Files</Filter>
    </ClInclude>
    <ClInclude Include="src\Camera.h">
      <Filter>Header Files</Filter>
    </ClInclude>
    <ClInclude Include="src\Mesh.h">
      <Filter>Header Files</Filter>
    </ClInclude>
    <ClInclude Include="src\Cube.h">
      <Filter>Header Files</Filter>
    </ClInclude>
    <ClInclude Include="src\Rect.h">
      <Filter>Header Files</Filter>
    </ClInclude>
    <ClInclude Include="src\Object.h">
      <Filter>Header Files</Filter>
    </ClInclude>
    <ClInclude Include="src\Engine.h">
      <Filter>Header Files</Filter>
    </ClInclude>
    <ClInclude Include="src\FluidField.h">
      <Filter>Header Files</Filter>
    </ClInclude>
    <ClInclude Include="src\Line.h">
      <Filter>Header Files</Filter>
    </ClInclude>
    <ClInclude Include="src\Compute.h">
      <Filter>Header Files</Filter>
    </ClInclude>
    <ClInclude Include="libs\stb_image_write.h">
      <Filter>Header Files</Filter>
    </ClInclude>
    <ClInclude Include="src\glm_includes.h">
      <Filter>Header Files</Filter>
    </ClInclude>
    <ClInclude Include="src\object_includes.h">
      <Filter>Header Files</Filter>
    </ClInclude>
    <ClInclude Include="src\Texture2D.h">
      <Filter>Header Files</Filter>
    </ClInclude>
    <ClInclude Include="src\Framebuffer.h">
      <Filter>Header Files</Filter>
    </ClInclude>
    <ClInclude Include="src\Config.h">
      <Filter>Header Files</Filter>
    </ClInclude>
  </ItemGroup>
  <ItemGroup>
    <Image Include="Images\LearnOpenGl\wall.jpg">
      <Filter>Resource Files\Images</Filter>
    </Image>
    <Image Include="Images\LearnOpenGl\container.jpg">
      <Filter>Resource Files\Images</Filter>
    </Image>
    <Image Include="Images\LearnOpenGL\awesomeface.png">
      <Filter>Resource Files\Images</Filter>
    </Image>
    <Image Include="Images\Generated Images\Checkerpattern.png">
      <Filter>Resource Files\Images</Filter>
    </Image>
    <Image Include="Images\Generated Images\Compute_shader_result.png">
      <Filter>Resource Files\Images</Filter>
    </Image>
    <Image Include="Images\Generated Images\Framebuffer.png">
      <Filter>Resource Files\Images</Filter>
    </Image>
    <Image Include="Images\Generated Images\Multicolored_pattern.png">
      <Filter>Resource Files\Images</Filter>
    </Image>
    <Image Include="Images\Generated Images\Multicolored_wireframe_pattern.png">
      <Filter>Resource Files\Images</Filter>
    </Image>
    <Image Include="Images\Generated Images\notGenerated.jpg">
      <Filter>Resource Files\Images</Filter>
    </Image>
    <Image Include="Images\LearnOpenGL\texture.png">
      <Filter>Resource Files\Images</Filter>
    </Image>
  </ItemGroup>
  <ItemGroup>
    <Text Include="Shaders\advection_shader.frag">
      <Filter>Resource Files\Shaders</Filter>
    </Text>
    <Text Include="Shaders\bounds_shader.frag">
      <Filter>Resource Files\Shaders</Filter>
    </Text>
    <Text Include="Shaders\clear_shader.frag">
      <Filter>Resource Files\Shaders</Filter>
    </Text>
    <Text Include="Shaders\curl_shader.frag">
      <Filter>Resource Files\Shaders</Filter>
    </Text>
    <Text Include="Shaders\density_shader.frag">
      <Filter>Resource Files\Shaders</Filter>
    </Text>
    <Text Include="Shaders\divergence_shader.frag">
      <Filter>Resource Files\Shaders</Filter>
    </Text>
    <Text Include="Shaders\force_shader.frag">
      <Filter>Resource Files\Shaders</Filter>
    </Text>
    <Text Include="Shaders\gradient_subtraction_shader.frag">
      <Filter>Resource Files\Shaders</Filter>
    </Text>
    <Text Include="Shaders\integrate_shader.frag">
      <Filter>Resource Files\Shaders</Filter>
    </Text>
    <Text Include="Shaders\jacobi_shader.frag">
      <Filter>Resource Files\Shaders</Filter>
    </Text>
    <Text Include="Shaders\shader.glsl">
      <Filter>Resource Files\Shaders</Filter>
    </Text>
    <Text Include="Shaders\shader_backup.glsl">
      <Filter>Resource Files\Shaders</Filter>
    </Text>
    <Text Include="Shaders\splat_shader.frag">
      <Filter>Resource Files\Shaders</Filter>
    </Text>
    <Text Include="Shaders\temperature_shader.frag">
      <Filter>Resource Files\Shaders</Filter>
    </Text>
    <Text Include="Shaders\vorticity_shader.frag">
      <Filter>Resource Files\Shaders</Filter>
    </Text>
    <Text Include="Shaders\default_fragment_shader.frag">
      <Filter>Resource Files\Shaders</Filter>
    </Text>
    <Text Include="Shaders\default_vertex_shader.vert">
      <Filter>Resource Files\Shaders</Filter>
    </Text>
    <Text Include="Shaders\fragment_shader.frag">
      <Filter>Resource Files\Shaders</Filter>
    </Text>
    <Text Include="Shaders\object_fragment_shader.frag">
      <Filter>Resource Files\Shaders</Filter>
    </Text>
    <Text Include="Shaders\object_vertex_shader.vert">
      <Filter>Resource Files\Shaders</Filter>
    </Text>
    <Text Include="Shaders\vertex_shader.vert">
      <Filter>Resource Files\Shaders</Filter>
    </Text>
    <Text Include="Shaders\visualise_grid_fragment_shader.frag">
      <Filter>Resource Files\Shaders</Filter>
    </Text>
    <Text Include="Shaders\visualise_grid_vertex_shader.vert">
      <Filter>Resource Files\Shaders</Filter>
    </Text>
    <Text Include="infoForCreator.txt" />
  </ItemGroup>
  <ItemGroup>
    <CopyFileToFolders Include="fluid_config.cfg">
      <Filter>cfg</Filter>
    </CopyFileToFolders>
  </ItemGroup>
  <ItemGroup>
    <Library Include="libs\glfw3.lib" />
  </ItemGroup>
</Project>