
Microsoft Visual Studio Solution File, Format Version 12.00
# Visual Studio Version 17
VisualStudioVersion = 17.7.34003.232
MinimumVisualStudioVersion = 10.0.40219.1
Project("{8BC9CEB8-8B4A-11D0-8D11-00A0C91BC942}") = "3D-Summer-Engine", "3D-Summer-Engine\3D-Summer-Engine.vcxproj", "{4EA7AB94-CBB3-4FE7-86DF-763916AFDF78}"
EndProject
Project("{54435603-DBB4-11D2-8724-00A0C9A8B90C}") = "FluidSimSetup", "FluidSimSetup\FluidSimSetup.vdproj", "{A3B69315-2953-48AC-8285-9F4A4026BD7E}"
EndProject
Project("{54435603-DBB4-11D2-8724-00A0C9A8B90C}") = "Setup", "Setup\Setup.vdproj", "{3F858506-86A2-436D-8028-B97E58478C94}"
EndProject
Global
	GlobalSection(SolutionConfigurationPlatforms) = preSolution
		Debug|x64 = Debug|x64
		Debug|x86 = Debug|x86
		Release|x64 = Release|x64
		Release|x86 = Release|x86
	EndGlobalSection
	GlobalSection(ProjectConfigurationPlatforms) = postSolution
		{4EA7AB94-CBB3-4FE7-86DF-763916AFDF78}.Debug|x64.ActiveCfg = Debug|x64
		{4EA7AB94-CBB3-4FE7-86DF-763916AFDF78}.Debug|x64.Build.0 = Debug|x64
		{4EA7AB94-CBB3-4FE7-86DF-763916AFDF78}.Debug|x86.ActiveCfg = Debug|Win32
		{4EA7AB94-CBB3-4FE7-86DF-763916AFDF78}.Debug|x86.Build.0 = Debug|Win32
		{4EA7AB94-CBB3-4FE7-86DF-763916AFDF78}.Release|x64.ActiveCfg = Release|x64
		{4EA7AB94-CBB3-4FE7-86DF-763916AFDF78}.Release|x64.Build.0 = Release|x64
		{4EA7AB94-CBB3-4FE7-86DF-763916AFDF78}.Release|x86.ActiveCfg = Release|Win32
		{4EA7AB94-CBB3-4FE7-86DF-763916AFDF78}.Release|x86.Build.0 = Release|Win32
		{A3B69315-2953-48AC-8285-9F4A4026BD7E}.Debug|x64.ActiveCfg = Debug
		{A3B69315-2953-48AC-8285-9F4A4026BD7E}.Debug|x86.ActiveCfg = Debug
		{A3B69315-2953-48AC-8285-9F4A4026BD7E}.Release|x64.ActiveCfg = Release
		{A3B69315-2953-48AC-8285-9F4A4026BD7E}.Release|x86.ActiveCfg = Release
		{3F858506-86A2-436D-8028-B97E58478C94}.Debug|x64.ActiveCfg = Debug
		{3F858506-86A2-436D-8028-B97E58478C94}.Debug|x86.ActiveCfg = Debug
		{3F858506-86A2-436D-8028-B97E58478C94}.Release|x64.ActiveCfg = Release
		{3F858506-86A2-436D-8028-B97E58478C94}.Release|x86.ActiveCfg = Release
	EndGlobalSection
	GlobalSection(SolutionProperties) = preSolution
		HideSolutionNode = FALSE
	EndGlobalSection
	GlobalSection(ExtensibilityGlobals) = postSolution
		SolutionGuid = {94E1090F-05CC-4CD5-B8CA-7B7F25414D12}
	EndGlobalSection
EndGlobal
